lockfileVersion: '9.0'

settings:
  autoInstallPeers: true
  excludeLinksFromLockfile: false

importers:

  .:
    devDependencies:
      '@minecraft/server':
        specifier: ^2.6.0
        version: 2.6.0(@minecraft/common@1.2.0)(@minecraft/vanilla-data@1.26.2)
      '@minecraft/server-ui':
        specifier: ^2.0.0
        version: 2.0.0(@minecraft/vanilla-data@1.26.2)
      typescript:
        specifier: ^6.0.2
        version: 6.0.2

packages:

  '@minecraft/common@1.2.0':
    resolution: {integrity: sha512-JdmEq4P3Z/FtoBzhLijFgMSVFnFRrUoLwY8DHHrgtFo0mfLTOLTB1RErYjLMsA6b7BGVNxkX/pfFRiH7QZ0XwQ==}

  '@minecraft/server-ui@2.0.0':
    resolution: {integrity: sha512-K1xFK1OEJSNfIgyRElaoxDTW/nbEqjBp1YnUdyPCs4kGDglwoXNyFz3wzMOkvT04CJXSifZGcTJeWda4C6OkXw==}

  '@minecraft/server@2.6.0':
    resolution: {integrity: sha512-/l1gbUHcTl/3gb3cB7Ilb8pfW1QytoAc+iMXUPSzvv8cxGluf6M635jl29P8Bid3iVmUB9hWyCUZtRUVVlk5ew==}
    peerDependencies:
      '@minecraft/common': ^1.2.0
      '@minecraft/vanilla-data': '>=1.20.70'

  '@minecraft/vanilla-data@1.26.2':
    resolution: {integrity: sha512-nxACCFgbcE9D5Z5vRnl/AtJljat7yC4vKzZ/t87iHqdersZlDhBzUnfBDH4d1F6Le5vgdSEUIJwUJxKR+Yc3+w==}

  typescript@6.0.2:
    resolution: {integrity: sha512-bGdAIrZ0wiGDo5l8c++HWtbaNCWTS4UTv7RaTH/ThVIgjkveJt83m74bBHMJkuCbslY8ixgLBVZJIOiQlQTjfQ==}
    engines: {node: '>=14.17'}
    hasBin: true

snapshots:

  '@minecraft/common@1.2.0': {}

  '@minecraft/server-ui@2.0.0(@minecraft/vanilla-data@1.26.2)':
    dependencies:
      '@minecraft/common': 1.2.0
      '@minecraft/server': 2.6.0(@minecraft/common@1.2.0)(@minecraft/vanilla-data@1.26.2)
    transitivePeerDependencies:
      - '@minecraft/vanilla-data'

  '@minecraft/server@2.6.0(@minecraft/common@1.2.0)(@minecraft/vanilla-data@1.26.2)':
    dependencies:
      '@minecraft/common': 1.2.0
      '@minecraft/vanilla-data': 1.26.2

  '@minecraft/vanilla-data@1.26.2': {}

  typescript@6.0.2: {}
